Microsoft Visual Studio Solution File, Format Version 12.00
# Visual Studio Version 17
VisualStudioVersion = 17.5.2.0
MinimumVisualStudioVersion = 10.0.40219.1
Project("{FAE04EC0-301F-11D3-BF4B-00C04F79EFBC}") = "LojaOnlineAPI", "LojaOnlineAPI.csproj", "{B5962292-BBD3-C0DF-DDF3-D7EFBA95D0FE}"
EndProject
Global
	GlobalSection(SolutionConfigurationPlatforms) = preSolution
		Debug|Any CPU = Debug|Any CPU
		Release|Any CPU = Release|Any CPU
	EndGlobalSection
	GlobalSection(ProjectConfigurationPlatforms) = postSolution
		{B5962292-BBD3-C0DF-DDF3-D7EFBA95D0FE}.Debug|Any CPU.ActiveCfg = Debug|Any CPU
		{B5962292-BBD3-C0DF-DDF3-D7EFBA95D0FE}.Debug|Any CPU.Build.0 = Debug|Any CPU
		{B5962292-BBD3-C0DF-DDF3-D7EFBA95D0FE}.Release|Any CPU.ActiveCfg = Release|Any CPU
		{B5962292-BBD3-C0DF-DDF3-D7EFBA95D0FE}.Release|Any CPU.Build.0 = Release|Any CPU
	EndGlobalSection
	GlobalSection(SolutionProperties) = preSolution
		HideSolutionNode = FALSE
	EndGlobalSection
	GlobalSection(ExtensibilityGlobals) = postSolution
		SolutionGuid = {E60419CB-4ED0-447C-A6DA-8E1BB7C8932A}
	EndGlobalSection
EndGlobal
